
Microsoft Visual Studio Solution File, Format Version 12.00
# Visual Studio 2013
VisualStudioVersion = 12.0.21005.1
MinimumVisualStudioVersion = 10.0.40219.1
Project("{FAE04EC0-301F-11D3-BF4B-00C04F79EFBC}") = "ngshowcase", "ngshowcase\ngshowcase.csproj", "{676F65EE-9948-4DF8-BB1F-7F89EBB7F016}"
EndProject
Project("{FAE04EC0-301F-11D3-BF4B-00C04F79EFBC}") = "site", "site\site.csproj", "{181B460D-9AC0-4449-A44E-69B7CC3CA92C}"
	ProjectSection(ProjectDependencies) = postProject
		{676F65EE-9948-4DF8-BB1F-7F89EBB7F016} = {676F65EE-9948-4DF8-BB1F-7F89EBB7F016}
	EndProjectSection
EndProject
Global
	GlobalSection(SolutionConfigurationPlatforms) = preSolution
		Debug|Any CPU = Debug|Any CPU
		Release|Any CPU = Release|Any CPU
	EndGlobalSection
	GlobalSection(ProjectConfigurationPlatforms) = postSolution
		{676F65EE-9948-4DF8-BB1F-7F89EBB7F016}.Debug|Any CPU.ActiveCfg = Debug|Any CPU
		{676F65EE-9948-4DF8-BB1F-7F89EBB7F016}.Debug|Any CPU.Build.0 = Debug|Any CPU
		{676F65EE-9948-4DF8-BB1F-7F89EBB7F016}.Release|Any CPU.ActiveCfg = Release|Any CPU
		{676F65EE-9948-4DF8-BB1F-7F89EBB7F016}.Release|Any CPU.Build.0 = Release|Any CPU
		{181B460D-9AC0-4449-A44E-69B7CC3CA92C}.Debug|Any CPU.ActiveCfg = Debug|Any CPU
		{181B460D-9AC0-4449-A44E-69B7CC3CA92C}.Debug|Any CPU.Build.0 = Debug|Any CPU
		{181B460D-9AC0-4449-A44E-69B7CC3CA92C}.Release|Any CPU.ActiveCfg = Release|Any CPU
		{181B460D-9AC0-4449-A44E-69B7CC3CA92C}.Release|Any CPU.Build.0 = Release|Any CPU
	EndGlobalSection
	GlobalSection(SolutionProperties) = preSolution
		HideSolutionNode = FALSE
	EndGlobalSection
EndGlobal
